
Microsoft Visual Studio Solution File, Format Version 12.00
# Visual Studio Version 17
VisualStudioVersion = 17.5.002.0
MinimumVisualStudioVersion = 10.0.40219.1
Project("{9A19103F-16F7-4668-BE54-9A1E7A4F7556}") = "poncedeleonJMC#5-7MVC", "poncedeleonJMC#5-7MVC.csproj", "{FC093648-D3DF-4A7E-8D9C-9326D13F5620}"
EndProject
Global
	GlobalSection(SolutionConfigurationPlatforms) = preSolution
		Debug|Any CPU = Debug|Any CPU
		Release|Any CPU = Release|Any CPU
	EndGlobalSection
	GlobalSection(ProjectConfigurationPlatforms) = postSolution
		{FC093648-D3DF-4A7E-8D9C-9326D13F5620}.Debug|Any CPU.ActiveCfg = Debug|Any CPU
		{FC093648-D3DF-4A7E-8D9C-9326D13F5620}.Debug|Any CPU.Build.0 = Debug|Any CPU
		{FC093648-D3DF-4A7E-8D9C-9326D13F5620}.Release|Any CPU.ActiveCfg = Release|Any CPU
		{FC093648-D3DF-4A7E-8D9C-9326D13F5620}.Release|Any CPU.Build.0 = Release|Any CPU
	EndGlobalSection
	GlobalSection(SolutionProperties) = preSolution
		HideSolutionNode = FALSE
	EndGlobalSection
	GlobalSection(ExtensibilityGlobals) = postSolution
		SolutionGuid = {FE994146-B519-4692-AAD2-B84D77781DD2}
	EndGlobalSection
EndGlobal
